// !$*UTF8*$!
{
	archiveVersion = 1;
	classes = {
	};
	objectVersion = 46;
	objects = {

/* Begin PBXBuildFile section */
		32147B6E1DF05C0B00576AB4 /* UIImageView+DownloadImage.swift in Sources */ = {isa = PBXBuildFile; fileRef = 32147B6D1DF05C0B00576AB4 /* UIImageView+DownloadImage.swift */; };
		32147B701DF06C5900576AB4 /* DetailViewController.swift in Sources */ = {isa = PBXBuildFile; fileRef = 32147B6F1DF06C5900576AB4 /* DetailViewController.swift */; };
		32147B721DF06F9B00576AB4 /* DimmingPresentationController.swift in Sources */ = {isa = PBXBuildFile; fileRef = 32147B711DF06F9B00576AB4 /* DimmingPresentationController.swift */; };
		325AE5181DEC98F900760027 /* SearchResult.swift in Sources */ = {isa = PBXBuildFile; fileRef = 325AE5171DEC98F900760027 /* SearchResult.swift */; };
		325AE51A1DECA0AA00760027 /* SearchResultCell.xib in Resources */ = {isa = PBXBuildFile; fileRef = 325AE5191DECA0AA00760027 /* SearchResultCell.xib */; };
		326D9C2A1DEC8DF20087DAE5 /* AppDelegate.swift in Sources */ = {isa = PBXBuildFile; fileRef = 326D9C291DEC8DF20087DAE5 /* AppDelegate.swift */; };
		326D9C2C1DEC8DF20087DAE5 /* SearchViewController.swift in Sources */ = {isa = PBXBuildFile; fileRef = 326D9C2B1DEC8DF20087DAE5 /* SearchViewController.swift */; };
		326D9C2F1DEC8DF20087DAE5 /* Main.storyboard in Resources */ = {isa = PBXBuildFile; fileRef = 326D9C2D1DEC8DF20087DAE5 /* Main.storyboard */; };
		326D9C311DEC8DF20087DAE5 /* Assets.xcassets in Resources */ = {isa = PBXBuildFile; fileRef = 326D9C301DEC8DF20087DAE5 /* Assets.xcassets */; };
		326F4BB31DEDB28600B1E70F /* SearchResultCell.swift in Sources */ = {isa = PBXBuildFile; fileRef = 326F4BB21DEDB28600B1E70F /* SearchResultCell.swift */; };
		326F4BB51DEDB4A400B1E70F /* NothingFoundCell.xib in Resources */ = {isa = PBXBuildFile; fileRef = 326F4BB41DEDB4A400B1E70F /* NothingFoundCell.xib */; };
		32E6FA521DEF267800BBB4C7 /* LoadingCell.xib in Resources */ = {isa = PBXBuildFile; fileRef = 32E6FA511DEF267800BBB4C7 /* LoadingCell.xib */; };
/* End PBXBuildFile section */

/* Begin PBXFileReference section */
		32147B6D1DF05C0B00576AB4 /* UIImageView+DownloadImage.swift */ = {isa = PBXFileReference; fileEncoding = 4; lastKnownFileType = sourcecode.swift; path = "UIImageView+DownloadImage.swift"; sourceTree = "<group>"; };
		32147B6F1DF06C5900576AB4 /* DetailViewController.swift */ = {isa = PBXFileReference; fileEncoding = 4; lastKnownFileType = sourcecode.swift; path = DetailViewController.swift; sourceTree = "<group>"; };
		32147B711DF06F9B00576AB4 /* DimmingPresentationController.swift */ = {isa = PBXFileReference; fileEncoding = 4; lastKnownFileType = sourcecode.swift; path = DimmingPresentationController.swift; sourceTree = "<group>"; };
		325AE5171DEC98F900760027 /* SearchResult.swift */ = {isa = PBXFileReference; fileEncoding = 4; lastKnownFileType = sourcecode.swift; path = SearchResult.swift; sourceTree = "<group>"; };
		325AE5191DECA0AA00760027 /* SearchResultCell.xib */ = {isa = PBXFileReference; fileEncoding = 4; lastKnownFileType = file.xib; path = SearchResultCell.xib; sourceTree = "<group>"; };
		326D9C261DEC8DF20087DAE5 /* StoreSearch.app */ = {isa = PBXFileReference; explicitFileType = wrapper.application; includeInIndex = 0; path = StoreSearch.app; sourceTree = BUILT_PRODUCTS_DIR; };
		326D9C291DEC8DF20087DAE5 /* AppDelegate.swift */ = {isa = PBXFileReference; lastKnownFileType = sourcecode.swift; path = AppDelegate.swift; sourceTree = "<group>"; };
		326D9C2B1DEC8DF20087DAE5 /* SearchViewController.swift */ = {isa = PBXFileReference; lastKnownFileType = sourcecode.swift; path = SearchViewController.swift; sourceTree = "<group>"; };
		326D9C2E1DEC8DF20087DAE5 /* Base */ = {isa = PBXFileReference; lastKnownFileType = file.storyboard; name = Base; path = Base.lproj/Main.storyboard; sourceTree = "<group>"; };
		326D9C301DEC8DF20087DAE5 /* Assets.xcassets */ = {isa = PBXFileReference; lastKnownFileType = folder.assetcatalog; path = Assets.xcassets; sourceTree = "<group>"; };
		326D9C351DEC8DF20087DAE5 /* Info.plist */ = {isa = PBXFileReference; lastKnownFileType = text.plist.xml; path = Info.plist; sourceTree = "<group>"; };
		326F4BB21DEDB28600B1E70F /* SearchResultCell.swift */ = {isa = PBXFileReference; fileEncoding = 4; lastKnownFileType = sourcecode.swift; path = SearchResultCell.swift; sourceTree = "<group>"; };
		326F4BB41DEDB4A400B1E70F /* NothingFoundCell.xib */ = {isa = PBXFileReference; fileEncoding = 4; lastKnownFileType = file.xib; path = NothingFoundCell.xib; sourceTree = "<group>"; };
		32E6FA511DEF267800BBB4C7 /* LoadingCell.xib */ = {isa = PBXFileReference; fileEncoding = 4; lastKnownFileType = file.xib; path = LoadingCell.xib; sourceTree = "<group>"; };
/* End PBXFileReference section */

/* Begin PBXFrameworksBuildPhase section */
		326D9C231DEC8DF20087DAE5 /* Frameworks */ = {
			isa = PBXFrameworksBuildPhase;
			buildActionMask = 2147483647;
			files = (
			);
			runOnlyForDeploymentPostprocessing = 0;
		};
/* End PBXFrameworksBuildPhase section */

/* Begin PBXGroup section */
		326D9C1D1DEC8DF20087DAE5 = {
			isa = PBXGroup;
			children = (
				326D9C281DEC8DF20087DAE5 /* StoreSearch */,
				326D9C271DEC8DF20087DAE5 /* Products */,
			);
			sourceTree = "<group>";
		};
		326D9C271DEC8DF20087DAE5 /* Products */ = {
			isa = PBXGroup;
			children = (
				326D9C261DEC8DF20087DAE5 /* StoreSearch.app */,
			);
			name = Products;
			sourceTree = "<group>";
		};
		326D9C281DEC8DF20087DAE5 /* StoreSearch */ = {
			isa = PBXGroup;
			children = (
				326D9C291DEC8DF20087DAE5 /* AppDelegate.swift */,
				326D9C301DEC8DF20087DAE5 /* Assets.xcassets */,
				32147B6F1DF06C5900576AB4 /* DetailViewController.swift */,
				32147B711DF06F9B00576AB4 /* DimmingPresentationController.swift */,
				326D9C351DEC8DF20087DAE5 /* Info.plist */,
				32E6FA511DEF267800BBB4C7 /* LoadingCell.xib */,
				326D9C2D1DEC8DF20087DAE5 /* Main.storyboard */,
				326F4BB41DEDB4A400B1E70F /* NothingFoundCell.xib */,
				325AE5171DEC98F900760027 /* SearchResult.swift */,
				326F4BB21DEDB28600B1E70F /* SearchResultCell.swift */,
				325AE5191DECA0AA00760027 /* SearchResultCell.xib */,
				326D9C2B1DEC8DF20087DAE5 /* SearchViewController.swift */,
				32147B6D1DF05C0B00576AB4 /* UIImageView+DownloadImage.swift */,
			);
			path = StoreSearch;
			sourceTree = "<group>";
		};
/* End PBXGroup section */

/* Begin PBXNativeTarget section */
		326D9C251DEC8DF20087DAE5 /* StoreSearch */ = {
			isa = PBXNativeTarget;
			buildConfigurationList = 326D9C381DEC8DF20087DAE5 /* Build configuration list for PBXNativeTarget "StoreSearch" */;
			buildPhases = (
				326D9C221DEC8DF20087DAE5 /* Sources */,
				326D9C231DEC8DF20087DAE5 /* Frameworks */,
				326D9C241DEC8DF20087DAE5 /* Resources */,
			);
			buildRules = (
			);
			dependencies = (
			);
			name = StoreSearch;
			productName = StoreSearch;
			productReference = 326D9C261DEC8DF20087DAE5 /* StoreSearch.app */;
			productType = "com.apple.product-type.application";
		};
/* End PBXNativeTarget section */

/* Begin PBXProject section */
		326D9C1E1DEC8DF20087DAE5 /* Project object */ = {
			isa = PBXProject;
			attributes = {
				LastSwiftUpdateCheck = 0810;
				LastUpgradeCheck = 0810;
				ORGANIZATIONNAME = "Dzmitry Meshcharakou";
				TargetAttributes = {
					326D9C251DEC8DF20087DAE5 = {
						CreatedOnToolsVersion = 8.1;
						DevelopmentTeam = H964V25467;
						ProvisioningStyle = Automatic;
					};
				};
			};
			buildConfigurationList = 326D9C211DEC8DF20087DAE5 /* Build configuration list for PBXProject "StoreSearch" */;
			compatibilityVersion = "Xcode 3.2";
			developmentRegion = English;
			hasScannedForEncodings = 0;
			knownRegions = (
				en,
				Base,
			);
			mainGroup = 326D9C1D1DEC8DF20087DAE5;
			productRefGroup = 326D9C271DEC8DF20087DAE5 /* Products */;
			projectDirPath = "";
			projectRoot = "";
			targets = (
				326D9C251DEC8DF20087DAE5 /* StoreSearch */,
			);
		};
/* End PBXProject section */

/* Begin PBXResourcesBuildPhase section */
		326D9C241DEC8DF20087DAE5 /* Resources */ = {
			isa = PBXResourcesBuildPhase;
			buildActionMask = 2147483647;
			files = (
				326D9C311DEC8DF20087DAE5 /* Assets.xcassets in Resources */,
				32E6FA521DEF267800BBB4C7 /* LoadingCell.xib in Resources */,
				325AE51A1DECA0AA00760027 /* SearchResultCell.xib in Resources */,
				326F4BB51DEDB4A400B1E70F /* NothingFoundCell.xib in Resources */,
				326D9C2F1DEC8DF20087DAE5 /* Main.storyboard in Resources */,
			);
			runOnlyForDeploymentPostprocessing = 0;
		};
/* End PBXResourcesBuildPhase section */

/* Begin PBXSourcesBuildPhase section */
		326D9C221DEC8DF20087DAE5 /* Sources */ = {
			isa = PBXSourcesBuildPhase;
			buildActionMask = 2147483647;
			files = (
				326D9C2C1DEC8DF20087DAE5 /* SearchViewController.swift in Sources */,
				32147B721DF06F9B00576AB4 /* DimmingPresentationController.swift in Sources */,
				325AE5181DEC98F900760027 /* SearchResult.swift in Sources */,
				326F4BB31DEDB28600B1E70F /* SearchResultCell.swift in Sources */,
				32147B701DF06C5900576AB4 /* DetailViewController.swift in Sources */,
				326D9C2A1DEC8DF20087DAE5 /* AppDelegate.swift in Sources */,
				32147B6E1DF05C0B00576AB4 /* UIImageView+DownloadImage.swift in Sources */,
			);
			runOnlyForDeploymentPostprocessing = 0;
		};
/* End PBXSourcesBuildPhase section */

/* Begin PBXVariantGroup section */
		326D9C2D1DEC8DF20087DAE5 /* Main.storyboard */ = {
			isa = PBXVariantGroup;
			children = (
				326D9C2E1DEC8DF20087DAE5 /* Base */,
			);
			name = Main.storyboard;
			sourceTree = "<group>";
		};
/* End PBXVariantGroup section */

/* Begin XCBuildConfiguration section */
		326D9C361DEC8DF20087DAE5 /* Debug */ = {
			isa = XCBuildConfiguration;
			buildSettings = {
				ALWAYS_SEARCH_USER_PATHS = NO;
				CLANG_ANALYZER_NONNULL = YES;
				CLANG_CXX_LANGUAGE_STANDARD = "gnu++0x";
				CLANG_CXX_LIBRARY = "libc++";
				CLANG_ENABLE_MODULES = YES;
				CLANG_ENABLE_OBJC_ARC = YES;
				CLANG_WARN_BOOL_CONVERSION = YES;
				CLANG_WARN_CONSTANT_CONVERSION = YES;
				CLANG_WARN_DIRECT_OBJC_ISA_USAGE = YES_ERROR;
				CLANG_WARN_DOCUMENTATION_COMMENTS = YES;
				CLANG_WARN_EMPTY_BODY = YES;
				CLANG_WARN_ENUM_CONVERSION = YES;
				CLANG_WARN_INFINITE_RECURSION = YES;
				CLANG_WARN_INT_CONVERSION = YES;
				CLANG_WARN_OBJC_ROOT_CLASS = YES_ERROR;
				CLANG_WARN_SUSPICIOUS_MOVES = YES;
				CLANG_WARN_UNREACHABLE_CODE = YES;
				CLANG_WARN__DUPLICATE_METHOD_MATCH = YES;
				"CODE_SIGN_IDENTITY[sdk=iphoneos*]" = "iPhone Developer";
				COPY_PHASE_STRIP = NO;
				DEBUG_INFORMATION_FORMAT = dwarf;
				ENABLE_STRICT_OBJC_MSGSEND = YES;
				ENABLE_TESTABILITY = YES;
				GCC_C_LANGUAGE_STANDARD = gnu99;
				GCC_DYNAMIC_NO_PIC = NO;
				GCC_NO_COMMON_BLOCKS = YES;
				GCC_OPTIMIZATION_LEVEL = 0;
				GCC_PREPROCESSOR_DEFINITIONS = (
					"DEBUG=1",
					"$(inherited)",
				);
				GCC_WARN_64_TO_32_BIT_CONVERSION = YES;
				GCC_WARN_ABOUT_RETURN_TYPE = YES_ERROR;
				GCC_WARN_UNDECLARED_SELECTOR = YES;
				GCC_WARN_UNINITIALIZED_AUTOS = YES_AGGRESSIVE;
				GCC_WARN_UNUSED_FUNCTION = YES;
				GCC_WARN_UNUSED_VARIABLE = YES;
				IPHONEOS_DEPLOYMENT_TARGET = 10.1;
				MTL_ENABLE_DEBUG_INFO = YES;
				ONLY_ACTIVE_ARCH = YES;
				SDKROOT = iphoneos;
				SWIFT_ACTIVE_COMPILATION_CONDITIONS = DEBUG;
				SWIFT_OPTIMIZATION_LEVEL = "-Onone";
			};
			name = Debug;
		};
		326D9C371DEC8DF20087DAE5 /* Release */ = {
			isa = XCBuildConfiguration;
			buildSettings = {
				ALWAYS_SEARCH_USER_PATHS = NO;
				CLANG_ANALYZER_NONNULL = YES;
				CLANG_CXX_LANGUAGE_STANDARD = "gnu++0x";
				CLANG_CXX_LIBRARY = "libc++";
				CLANG_ENABLE_MODULES = YES;
				CLANG_ENABLE_OBJC_ARC = YES;
				CLANG_WARN_BOOL_CONVERSION = YES;
				CLANG_WARN_CONSTANT_CONVERSION = YES;
				CLANG_WARN_DIRECT_OBJC_ISA_USAGE = YES_ERROR;
				CLANG_WARN_DOCUMENTATION_COMMENTS = YES;
				CLANG_WARN_EMPTY_BODY = YES;
				CLANG_WARN_ENUM_CONVERSION = YES;
				CLANG_WARN_INFINITE_RECURSION = YES;
				CLANG_WARN_INT_CONVERSION = YES;
				CLANG_WARN_OBJC_ROOT_CLASS = YES_ERROR;
				CLANG_WARN_SUSPICIOUS_MOVES = YES;
				CLANG_WARN_UNREACHABLE_CODE = YES;
				CLANG_WARN__DUPLICATE_METHOD_MATCH = YES;
				"CODE_SIGN_IDENTITY[sdk=iphoneos*]" = "iPhone Developer";
				COPY_PHASE_STRIP = NO;
				DEBUG_INFORMATION_FORMAT = "dwarf-with-dsym";
				ENABLE_NS_ASSERTIONS = NO;
				ENABLE_STRICT_OBJC_MSGSEND = YES;
				GCC_C_LANGUAGE_STANDARD = gnu99;
				GCC_NO_COMMON_BLOCKS = YES;
				GCC_WARN_64_TO_32_BIT_CONVERSION = YES;
				GCC_WARN_ABOUT_RETURN_TYPE = YES_ERROR;
				GCC_WARN_UNDECLARED_SELECTOR = YES;
				GCC_WARN_UNINITIALIZED_AUTOS = YES_AGGRESSIVE;
				GCC_WARN_UNUSED_FUNCTION = YES;
				GCC_WARN_UNUSED_VARIABLE = YES;
				IPHONEOS_DEPLOYMENT_TARGET = 10.1;
				MTL_ENABLE_DEBUG_INFO = NO;
				SDKROOT = iphoneos;
				SWIFT_OPTIMIZATION_LEVEL = "-Owholemodule";
				VALIDATE_PRODUCT = YES;
			};
			name = Release;
		};
		326D9C391DEC8DF20087DAE5 /* Debug */ = {
			isa = XCBuildConfiguration;
			buildSettings = {
				ASSETCATALOG_COMPILER_APPICON_NAME = AppIcon;
				DEVELOPMENT_TEAM = H964V25467;
				INFOPLIST_FILE = StoreSearch/Info.plist;
				LD_RUNPATH_SEARCH_PATHS = "$(inherited) @executable_path/Frameworks";
				PRODUCT_BUNDLE_IDENTIFIER = com.meshcharakou.StoreSearch;
				PRODUCT_NAME = "$(TARGET_NAME)";
				SWIFT_VERSION = 3.0;
			};
			name = Debug;
		};
		326D9C3A1DEC8DF20087DAE5 /* Release */ = {
			isa = XCBuildConfiguration;
			buildSettings = {
				ASSETCATALOG_COMPILER_APPICON_NAME = AppIcon;
				DEVELOPMENT_TEAM = H964V25467;
				INFOPLIST_FILE = StoreSearch/Info.plist;
				LD_RUNPATH_SEARCH_PATHS = "$(inherited) @executable_path/Frameworks";
				PRODUCT_BUNDLE_IDENTIFIER = com.meshcharakou.StoreSearch;
				PRODUCT_NAME = "$(TARGET_NAME)";
				SWIFT_VERSION = 3.0;
			};
			name = Release;
		};
/* End XCBuildConfiguration section */

/* Begin XCConfigurationList section */
		326D9C211DEC8DF20087DAE5 /* Build configuration list for PBXProject "StoreSearch" */ = {
			isa = XCConfigurationList;
			buildConfigurations = (
				326D9C361DEC8DF20087DAE5 /* Debug */,
				326D9C371DEC8DF20087DAE5 /* Release */,
			);
			defaultConfigurationIsVisible = 0;
			defaultConfigurationName = Release;
		};
		326D9C381DEC8DF20087DAE5 /* Build configuration list for PBXNativeTarget "StoreSearch" */ = {
			isa = XCConfigurationList;
			buildConfigurations = (
				326D9C391DEC8DF20087DAE5 /* Debug */,
				326D9C3A1DEC8DF20087DAE5 /* Release */,
			);
			defaultConfigurationIsVisible = 0;
			defaultConfigurationName = Release;
		};
/* End XCConfigurationList section */
	};
	rootObject = 326D9C1E1DEC8DF20087DAE5 /* Project object */;
}
